# This file is automatically @generated by Cargo.
# It is not intended for manual editing.
version = 4

[[package]]
name = "testing"
version = "0.1.0"
dependencies = [
 "type_traits",
]

[[package]]
name = "type_traits"
version = "0.3.0"
source = "registry+https://github.com/rust-lang/crates.io-index"
checksum = "fc4ac82d4642aaf179246f07adae5b776e11bfafa464eee72ee616c4eabca3a9"
